
Microsoft Visual Studio Solution File, Format Version 12.00
# Visual Studio Version 16
VisualStudioVersion = 16.0.30621.155
MinimumVisualStudioVersion = 10.0.40219.1
Project("{FAE04EC0-301F-11D3-BF4B-00C04F79EFBC}") = "InventoryControl", "InventoryControl.csproj", "{96E513C5-02F6-4985-A611-1B6AE43EBA36}"
EndProject
Global
	GlobalSection(SolutionConfigurationPlatforms) = preSolution
		Debug|Any CPU = Debug|Any CPU
		Debug|x64 = Debug|x64
		Release|Any CPU = Release|Any CPU
		Release|x64 = Release|x64
	EndGlobalSection
	GlobalSection(ProjectConfigurationPlatforms) = postSolution
		{96E513C5-02F6-4985-A611-1B6AE43EBA36}.Debug|Any CPU.ActiveCfg = Debug|Any CPU
		{96E513C5-02F6-4985-A611-1B6AE43EBA36}.Debug|Any CPU.Build.0 = Debug|Any CPU
		{96E513C5-02F6-4985-A611-1B6AE43EBA36}.Debug|x64.ActiveCfg = Debug|x64
		{96E513C5-02F6-4985-A611-1B6AE43EBA36}.Debug|x64.Build.0 = Debug|x64
		{96E513C5-02F6-4985-A611-1B6AE43EBA36}.Release|Any CPU.ActiveCfg = Release|Any CPU
		{96E513C5-02F6-4985-A611-1B6AE43EBA36}.Release|Any CPU.Build.0 = Release|Any CPU
		{96E513C5-02F6-4985-A611-1B6AE43EBA36}.Release|x64.ActiveCfg = Release|x64
		{96E513C5-02F6-4985-A611-1B6AE43EBA36}.Release|x64.Build.0 = Release|x64
	EndGlobalSection
	GlobalSection(SolutionProperties) = preSolution
		HideSolutionNode = FALSE
	EndGlobalSection
	GlobalSection(ExtensibilityGlobals) = postSolution
		SolutionGuid = {F029BD46-984E-46A3-ABBD-8D9A73007F3D}
	EndGlobalSection
EndGlobal
